{
  "version": 4,
  "terraform_version": "0.12.18",
  "serial": 7,
  "lineage": "6c089602-24ce-db74-518b-24bc7d5fdec4",
  "outputs": {},
  "resources": [
    {
      "mode": "managed",
      "type": "kubernetes_deployment",
      "name": "nodejs",
      "provider": "provider.kubernetes",
      "instances": [
        {
          "schema_version": 0,
          "attributes": {
            "id": "default/nodejs",
            "metadata": [
              {
                "annotations": {},
                "generate_name": "",
                "generation": 1,
                "labels": {},
                "name": "nodejs",
                "namespace": "default",
                "resource_version": "44352",
                "self_link": "/apis/apps/v1/namespaces/default/deployments/nodejs",
                "uid": "4a83f4ae-4a86-4a54-96a9-e9cfadfac5b7"
              }
            ],
            "spec": [
              {
                "min_ready_seconds": 5,
                "paused": false,
                "progress_deadline_seconds": 600,
                "replicas": 10,
                "revision_history_limit": 10,
                "selector": [
                  {
                    "match_expressions": [],
                    "match_labels": {
                      "service": "nodejs"
                    }
                  }
                ],
                "strategy": [
                  {
                    "rolling_update": [
                      {
                        "max_surge": "1",
                        "max_unavailable": "1"
                      }
                    ],
                    "type": "RollingUpdate"
                  }
                ],
                "template": [
                  {
                    "metadata": [
                      {
                        "annotations": {},
                        "generate_name": "",
                        "generation": 0,
                        "labels": {
                          "service": "nodejs"
                        },
                        "name": "",
                        "namespace": "",
                        "resource_version": "",
                        "self_link": "",
                        "uid": ""
                      }
                    ],
                    "spec": [
                      {
                        "active_deadline_seconds": 0,
                        "affinity": [],
                        "automount_service_account_token": false,
                        "container": [
                          {
                            "args": [],
                            "command": [],
                            "env": [],
                            "env_from": [],
                            "image": "subhash403/nodejs",
                            "image_pull_policy": "IfNotPresent",
                            "lifecycle": [],
                            "liveness_probe": [],
                            "name": "nodejs",
                            "port": [
                              {
                                "container_port": 3000,
                                "host_ip": "",
                                "host_port": 0,
                                "name": "",
                                "protocol": "TCP"
                              }
                            ],
                            "readiness_probe": [],
                            "resources": [
                              {
                                "limits": [
                                  {
                                    "cpu": "50m",
                                    "memory": "128Mi"
                                  }
                                ],
                                "requests": [
                                  {
                                    "cpu": "50m",
                                    "memory": "64Mi"
                                  }
                                ]
                              }
                            ],
                            "security_context": [],
                            "startup_probe": [],
                            "stdin": false,
                            "stdin_once": false,
                            "termination_message_path": "/dev/termination-log",
                            "tty": false,
                            "volume_mount": [],
                            "working_dir": ""
                          }
                        ],
                        "dns_config": [],
                        "dns_policy": "ClusterFirst",
                        "host_aliases": [],
                        "host_ipc": false,
                        "host_network": false,
                        "host_pid": false,
                        "hostname": "",
                        "image_pull_secrets": [
                          {
                            "name": "aws-ecr"
                          }
                        ],
                        "init_container": [],
                        "node_name": "",
                        "node_selector": {},
                        "priority_class_name": "high-priority",
                        "restart_policy": "Always",
                        "security_context": [],
                        "service_account_name": "",
                        "share_process_namespace": false,
                        "subdomain": "",
                        "termination_grace_period_seconds": 30,
                        "toleration": [],
                        "volume": []
                      }
                    ]
                  }
                ]
              }
            ],
            "timeouts": null
          },
          "private": "eyJlMmJmYjczMC1lY2FhLTExZTYtOGY4OC0zNDM2M2JjN2M0YzAiOnsiY3JlYXRlIjo2MDAwMDAwMDAwMDAsImRlbGV0ZSI6NjAwMDAwMDAwMDAwLCJ1cGRhdGUiOjYwMDAwMDAwMDAwMH19"
        }
      ]
    },
    {
      "mode": "managed",
      "type": "kubernetes_horizontal_pod_autoscaler",
      "name": "nodejs",
      "provider": "provider.kubernetes",
      "instances": [
        {
          "schema_version": 0,
          "attributes": {
            "id": "default/nodejs",
            "metadata": [
              {
                "annotations": null,
                "generate_name": "",
                "generation": 0,
                "labels": null,
                "name": "nodejs",
                "namespace": "default",
                "resource_version": "46496",
                "self_link": "/apis/autoscaling/v2beta2/namespaces/default/horizontalpodautoscalers/nodejs",
                "uid": "96300c4f-26af-49e7-9266-aeffb38c650e"
              }
            ],
            "spec": [
              {
                "max_replicas": 10,
                "metric": [
                  {
                    "external": [],
                    "object": [],
                    "pods": [],
                    "resource": [
                      {
                        "name": "memory",
                        "target": [
                          {
                            "average_utilization": 60,
                            "average_value": "",
                            "type": "Utilization",
                            "value": ""
                          }
                        ]
                      }
                    ],
                    "type": "Resource"
                  },
                  {
                    "external": [],
                    "object": [],
                    "pods": [],
                    "resource": [
                      {
                        "name": "cpu",
                        "target": [
                          {
                            "average_utilization": 50,
                            "average_value": "",
                            "type": "Utilization",
                            "value": ""
                          }
                        ]
                      }
                    ],
                    "type": "Resource"
                  }
                ],
                "min_replicas": 8,
                "scale_target_ref": [
                  {
                    "api_version": "apps/v1",
                    "kind": "Deployment",
                    "name": "nodejs"
                  }
                ],
                "target_cpu_utilization_percentage": 0
              }
            ]
          },
          "private": "bnVsbA=="
        }
      ]
    },
    {
      "mode": "managed",
      "type": "kubernetes_priority_class",
      "name": "high_priority",
      "provider": "provider.kubernetes",
      "instances": [
        {
          "schema_version": 0,
          "attributes": {
            "description": "high priority",
            "global_default": false,
            "id": "high-priority",
            "metadata": [
              {
                "annotations": {},
                "generate_name": "",
                "generation": 1,
                "labels": {},
                "name": "high-priority",
                "resource_version": "44069",
                "self_link": "/apis/scheduling.k8s.io/v1/priorityclasses/high-priority",
                "uid": "cc162b6b-2fef-4cf0-a5a8-b6953abbbf49"
              }
            ],
            "value": 1000000000
          },
          "private": "bnVsbA=="
        }
      ]
    },
    {
      "mode": "managed",
      "type": "kubernetes_service",
      "name": "nodejs",
      "provider": "provider.kubernetes",
      "instances": [
        {
          "schema_version": 0,
          "attributes": {
            "id": "default/nodejs",
            "load_balancer_ingress": [
              {
                "hostname": "",
                "ip": "192.168.2.8"
              }
            ],
            "metadata": [
              {
                "annotations": {},
                "generate_name": "",
                "generation": 0,
                "labels": {
                  "app": "nodejs"
                },
                "name": "nodejs",
                "namespace": "default",
                "resource_version": "44073",
                "self_link": "/api/v1/namespaces/default/services/nodejs",
                "uid": "10848d18-93be-4d9f-b7f4-750d4eb908a9"
              }
            ],
            "spec": [
              {
                "cluster_ip": "10.100.13.154",
                "external_ips": [],
                "external_name": "",
                "external_traffic_policy": "Cluster",
                "load_balancer_ip": "",
                "load_balancer_source_ranges": [],
                "port": [
                  {
                    "name": "http",
                    "node_port": 30303,
                    "port": 3000,
                    "protocol": "TCP",
                    "target_port": "3000"
                  }
                ],
                "publish_not_ready_addresses": false,
                "selector": {
                  "service": "nodejs"
                },
                "session_affinity": "None",
                "type": "LoadBalancer"
              }
            ],
            "timeouts": null
          },
          "private": "eyJlMmJmYjczMC1lY2FhLTExZTYtOGY4OC0zNDM2M2JjN2M0YzAiOnsiY3JlYXRlIjo2MDAwMDAwMDAwMDB9fQ=="
        }
      ]
    }
  ]
}
